{
  "name": "movie_app",
  "requires": true,
  "lockfileVersion": 1,
  "dependencies": {
    "rails-ujs": {
      "version": "5.2.8",
      "resolved": "https://registry.npmjs.org/rails-ujs/-/rails-ujs-5.2.8.tgz",
      "integrity": "sha512-qwCTG/7FgRRxQIWJ9vmLF8ucqFVM2Krk+0JWcI5OF485jymGa1Rix8kF5vNHGz/VGUvS2Dhom9PdlsdjMt9Kmg=="
    }
  }
}
